
Microsoft Visual Studio Solution File, Format Version 12.00
# Visual Studio Version 17
VisualStudioVersion = 17.8.34330.188
MinimumVisualStudioVersion = 10.0.40219.1
Project("{FAE04EC0-301F-11D3-BF4B-00C04F79EFBC}") = "SQL_ROTARY", "SQL_ROTARY\SQL_ROTARY.csproj", "{D38CDE78-0637-4C7A-AC1D-58AC24180545}"
EndProject
Global
	GlobalSection(SolutionConfigurationPlatforms) = preSolution
		Debug|Any CPU = Debug|Any CPU
		Release|Any CPU = Release|Any CPU
	EndGlobalSection
	GlobalSection(ProjectConfigurationPlatforms) = postSolution
		{D38CDE78-0637-4C7A-AC1D-58AC24180545}.Debug|Any CPU.ActiveCfg = Debug|Any CPU
		{D38CDE78-0637-4C7A-AC1D-58AC24180545}.Debug|Any CPU.Build.0 = Debug|Any CPU
		{D38CDE78-0637-4C7A-AC1D-58AC24180545}.Release|Any CPU.ActiveCfg = Release|Any CPU
		{D38CDE78-0637-4C7A-AC1D-58AC24180545}.Release|Any CPU.Build.0 = Release|Any CPU
	EndGlobalSection
	GlobalSection(SolutionProperties) = preSolution
		HideSolutionNode = FALSE
	EndGlobalSection
	GlobalSection(ExtensibilityGlobals) = postSolution
		SolutionGuid = {C9483F54-188F-401F-949D-72B585921D14}
	EndGlobalSection
EndGlobal
